
Microsoft Visual Studio Solution File, Format Version 12.00
# Visual Studio 15
VisualStudioVersion = 15.0.28307.757
MinimumVisualStudioVersion = 10.0.40219.1
Project("{9A19103F-16F7-4668-BE54-9A1E7A4F7556}") = "Salaries.Entities", "Salaries.Entities\Salaries.Entities.csproj", "{35A2A759-FA91-41B8-8DD5-630AEDC585F8}"
EndProject
Project("{9A19103F-16F7-4668-BE54-9A1E7A4F7556}") = "Salaries.Core", "Salaries.Core\Salaries.Core.csproj", "{87FC43C2-A797-4147-A286-1A1D317A622F}"
EndProject
Project("{9A19103F-16F7-4668-BE54-9A1E7A4F7556}") = "Salaries.Repository", "Salaries.Repository\Salaries.Repository.csproj", "{0A94D249-0D5D-4BB7-AABA-68FB5955F650}"
EndProject
Project("{FAE04EC0-301F-11D3-BF4B-00C04F79EFBC}") = "Salaries.Api", "Salaries.Api\Salaries.Api.csproj", "{607271C1-8FDC-4279-8F61-EDA2F6A37490}"
EndProject
Global
	GlobalSection(SolutionConfigurationPlatforms) = preSolution
		Debug|Any CPU = Debug|Any CPU
		Release|Any CPU = Release|Any CPU
	EndGlobalSection
	GlobalSection(ProjectConfigurationPlatforms) = postSolution
		{35A2A759-FA91-41B8-8DD5-630AEDC585F8}.Debug|Any CPU.ActiveCfg = Debug|Any CPU
		{35A2A759-FA91-41B8-8DD5-630AEDC585F8}.Debug|Any CPU.Build.0 = Debug|Any CPU
		{35A2A759-FA91-41B8-8DD5-630AEDC585F8}.Release|Any CPU.ActiveCfg = Release|Any CPU
		{35A2A759-FA91-41B8-8DD5-630AEDC585F8}.Release|Any CPU.Build.0 = Release|Any CPU
		{87FC43C2-A797-4147-A286-1A1D317A622F}.Debug|Any CPU.ActiveCfg = Debug|Any CPU
		{87FC43C2-A797-4147-A286-1A1D317A622F}.Debug|Any CPU.Build.0 = Debug|Any CPU
		{87FC43C2-A797-4147-A286-1A1D317A622F}.Release|Any CPU.ActiveCfg = Release|Any CPU
		{87FC43C2-A797-4147-A286-1A1D317A622F}.Release|Any CPU.Build.0 = Release|Any CPU
		{0A94D249-0D5D-4BB7-AABA-68FB5955F650}.Debug|Any CPU.ActiveCfg = Debug|Any CPU
		{0A94D249-0D5D-4BB7-AABA-68FB5955F650}.Debug|Any CPU.Build.0 = Debug|Any CPU
		{0A94D249-0D5D-4BB7-AABA-68FB5955F650}.Release|Any CPU.ActiveCfg = Release|Any CPU
		{0A94D249-0D5D-4BB7-AABA-68FB5955F650}.Release|Any CPU.Build.0 = Release|Any CPU
		{607271C1-8FDC-4279-8F61-EDA2F6A37490}.Debug|Any CPU.ActiveCfg = Debug|Any CPU
		{607271C1-8FDC-4279-8F61-EDA2F6A37490}.Debug|Any CPU.Build.0 = Debug|Any CPU
		{607271C1-8FDC-4279-8F61-EDA2F6A37490}.Release|Any CPU.ActiveCfg = Release|Any CPU
		{607271C1-8FDC-4279-8F61-EDA2F6A37490}.Release|Any CPU.Build.0 = Release|Any CPU
	EndGlobalSection
	GlobalSection(SolutionProperties) = preSolution
		HideSolutionNode = FALSE
	EndGlobalSection
	GlobalSection(ExtensibilityGlobals) = postSolution
		SolutionGuid = {A898167B-3ED1-45F6-9CF4-6E6370FF6E42}
	EndGlobalSection
EndGlobal
